{
  "nodes": {
    "nixpkgs": {
      "locked": {
        "lastModified": 1656749190,
        "narHash": "sha256-tepu0BUpbrKt7PhDC7VpFgvJHekAAsPR7VA8nfxaAoQ=",
        "owner": "nixos",
        "repo": "nixpkgs",
        "rev": "afc3ccc80256df15f9757b31e180f8b4651fc28a",
        "type": "github"
      },
      "original": {
        "owner": "nixos",
        "ref": "nixos-unstable-small",
        "repo": "nixpkgs",
        "type": "github"
      }
    },
    "root": {
      "inputs": {
        "nixpkgs": "nixpkgs"
      }
    }
  },
  "root": "root",
  "version": 7
}
